Microsoft Visual Studio Solution File, Format Version 8.00
Project("{FAE04EC0-301F-11D3-BF4B-00C04F79EFBC}") = "Razor Framework", "Razor\Razor Framework.csproj", "{0A17D253-7F2F-4A94-8D10-3ADB5DE30BAC}"
	ProjectSection(ProjectDependencies) = postProject
	EndProjectSection
EndProject
Project("{FAE04EC0-301F-11D3-BF4B-00C04F79EFBC}") = "Razor Bootstrap", "Bootstrapping\Razor\Razor Bootstrap.csproj", "{1E909312-DECC-44F8-A5CF-A5BAF35CEC43}"
	ProjectSection(ProjectDependencies) = postProject
	EndProjectSection
EndProject
Project("{FAE04EC0-301F-11D3-BF4B-00C04F79EFBC}") = "Razor Hosting Engine", "Hosting\Razor\Razor Hosting Engine.csproj", "{D7530D26-D697-445E-9232-6D53D207FEA4}"
	ProjectSection(ProjectDependencies) = postProject
	EndProjectSection
EndProject
Project("{FAE04EC0-301F-11D3-BF4B-00C04F79EFBC}") = "SnapIns.WindowPositioningEngine", "Snapins\WindowPositioningEngine\SnapIns.WindowPositioningEngine.csproj", "{64CA85A5-FEF4-456F-A17A-9B99E5F9BD86}"
	ProjectSection(ProjectDependencies) = postProject
	EndProjectSection
EndProject
Project("{FAE04EC0-301F-11D3-BF4B-00C04F79EFBC}") = "SnapIns.OptionSample", "Snapins\OptionSample\SnapIns.OptionSample.csproj", "{91206284-F958-4895-958A-8EEC1A65C61F}"
	ProjectSection(ProjectDependencies) = postProject
	EndProjectSection
EndProject
Project("{FAE04EC0-301F-11D3-BF4B-00C04F79EFBC}") = "SnapIns.AutoUpdateOptions", "Snapins\AutoUpdateOptions\SnapIns.AutoUpdateOptions.csproj", "{FDFB9FF5-899B-4C6A-B7C6-E09C4BEB7159}"
	ProjectSection(ProjectDependencies) = postProject
	EndProjectSection
EndProject
Project("{FAE04EC0-301F-11D3-BF4B-00C04F79EFBC}") = "SnapIns.AutoUpdate", "Snapins\AutoUpdate\SnapIns.AutoUpdate.csproj", "{1AE8D3C7-916D-42B6-8B53-60B5C1950B96}"
	ProjectSection(ProjectDependencies) = postProject
	EndProjectSection
EndProject
Project("{FAE04EC0-301F-11D3-BF4B-00C04F79EFBC}") = "SnapIns.AutoUpdateInterface", "Snapins\AutoUpdateInterface\SnapIns.AutoUpdateInterface.csproj", "{0589FA04-0549-4B98-BD8F-7747A3675F06}"
	ProjectSection(ProjectDependencies) = postProject
	EndProjectSection
EndProject
Project("{F184B08F-C81C-45F6-A57F-5ABD9991F28F}") = "SnapIns.ApplicationWindow", "Snapins\ApplicationWindow\SnapIns.ApplicationWindow.vbproj", "{AD5DD130-3386-436E-B155-62F06C734754}"
	ProjectSection(ProjectDependencies) = postProject
	EndProjectSection
EndProject
Global
	GlobalSection(SolutionConfiguration) = preSolution
		Debug = Debug
		Release = Release
	EndGlobalSection
	GlobalSection(ProjectConfiguration) = postSolution
		{0A17D253-7F2F-4A94-8D10-3ADB5DE30BAC}.Debug.ActiveCfg = Debug|.NET
		{0A17D253-7F2F-4A94-8D10-3ADB5DE30BAC}.Debug.Build.0 = Debug|.NET
		{0A17D253-7F2F-4A94-8D10-3ADB5DE30BAC}.Release.ActiveCfg = Release|.NET
		{0A17D253-7F2F-4A94-8D10-3ADB5DE30BAC}.Release.Build.0 = Release|.NET
		{1E909312-DECC-44F8-A5CF-A5BAF35CEC43}.Debug.ActiveCfg = Debug|.NET
		{1E909312-DECC-44F8-A5CF-A5BAF35CEC43}.Debug.Build.0 = Debug|.NET
		{1E909312-DECC-44F8-A5CF-A5BAF35CEC43}.Release.ActiveCfg = Release|.NET
		{1E909312-DECC-44F8-A5CF-A5BAF35CEC43}.Release.Build.0 = Release|.NET
		{D7530D26-D697-445E-9232-6D53D207FEA4}.Debug.ActiveCfg = Debug|.NET
		{D7530D26-D697-445E-9232-6D53D207FEA4}.Debug.Build.0 = Debug|.NET
		{D7530D26-D697-445E-9232-6D53D207FEA4}.Release.ActiveCfg = Release|.NET
		{D7530D26-D697-445E-9232-6D53D207FEA4}.Release.Build.0 = Release|.NET
		{64CA85A5-FEF4-456F-A17A-9B99E5F9BD86}.Debug.ActiveCfg = Debug|.NET
		{64CA85A5-FEF4-456F-A17A-9B99E5F9BD86}.Debug.Build.0 = Debug|.NET
		{64CA85A5-FEF4-456F-A17A-9B99E5F9BD86}.Release.ActiveCfg = Release|.NET
		{64CA85A5-FEF4-456F-A17A-9B99E5F9BD86}.Release.Build.0 = Release|.NET
		{91206284-F958-4895-958A-8EEC1A65C61F}.Debug.ActiveCfg = Debug|.NET
		{91206284-F958-4895-958A-8EEC1A65C61F}.Debug.Build.0 = Debug|.NET
		{91206284-F958-4895-958A-8EEC1A65C61F}.Release.ActiveCfg = Release|.NET
		{91206284-F958-4895-958A-8EEC1A65C61F}.Release.Build.0 = Release|.NET
		{FDFB9FF5-899B-4C6A-B7C6-E09C4BEB7159}.Debug.ActiveCfg = Debug|.NET
		{FDFB9FF5-899B-4C6A-B7C6-E09C4BEB7159}.Debug.Build.0 = Debug|.NET
		{FDFB9FF5-899B-4C6A-B7C6-E09C4BEB7159}.Release.ActiveCfg = Release|.NET
		{FDFB9FF5-899B-4C6A-B7C6-E09C4BEB7159}.Release.Build.0 = Release|.NET
		{1AE8D3C7-916D-42B6-8B53-60B5C1950B96}.Debug.ActiveCfg = Debug|.NET
		{1AE8D3C7-916D-42B6-8B53-60B5C1950B96}.Debug.Build.0 = Debug|.NET
		{1AE8D3C7-916D-42B6-8B53-60B5C1950B96}.Release.ActiveCfg = Release|.NET
		{1AE8D3C7-916D-42B6-8B53-60B5C1950B96}.Release.Build.0 = Release|.NET
		{0589FA04-0549-4B98-BD8F-7747A3675F06}.Debug.ActiveCfg = Debug|.NET
		{0589FA04-0549-4B98-BD8F-7747A3675F06}.Debug.Build.0 = Debug|.NET
		{0589FA04-0549-4B98-BD8F-7747A3675F06}.Release.ActiveCfg = Release|.NET
		{0589FA04-0549-4B98-BD8F-7747A3675F06}.Release.Build.0 = Release|.NET
		{AD5DD130-3386-436E-B155-62F06C734754}.Debug.ActiveCfg = Debug|.NET
		{AD5DD130-3386-436E-B155-62F06C734754}.Debug.Build.0 = Debug|.NET
		{AD5DD130-3386-436E-B155-62F06C734754}.Release.ActiveCfg = Release|.NET
		{AD5DD130-3386-436E-B155-62F06C734754}.Release.Build.0 = Release|.NET
	EndGlobalSection
	GlobalSection(ExtensibilityGlobals) = postSolution
	EndGlobalSection
	GlobalSection(ExtensibilityAddIns) = postSolution
	EndGlobalSection
EndGlobal
