Microsoft Visual Studio Solution File, Format Version 8.00
Project("{F184B08F-C81C-45F6-A57F-5ABD9991F28F}") = "WordNet.Net Sample", "WordNet.Net Sample.vbproj", "{8FC56310-E0E6-4EF8-9094-E6E4C61934A1}"
	ProjectSection(ProjectDependencies) = postProject
	EndProjectSection
EndProject
Global
	GlobalSection(SolutionConfiguration) = preSolution
		Debug = Debug
		Release = Release
	EndGlobalSection
	GlobalSection(ProjectConfiguration) = postSolution
		{8FC56310-E0E6-4EF8-9094-E6E4C61934A1}.Debug.ActiveCfg = Debug|.NET
		{8FC56310-E0E6-4EF8-9094-E6E4C61934A1}.Debug.Build.0 = Debug|.NET
		{8FC56310-E0E6-4EF8-9094-E6E4C61934A1}.Release.ActiveCfg = Release|.NET
		{8FC56310-E0E6-4EF8-9094-E6E4C61934A1}.Release.Build.0 = Release|.NET
	EndGlobalSection
	GlobalSection(ExtensibilityGlobals) = postSolution
	EndGlobalSection
	GlobalSection(ExtensibilityAddIns) = postSolution
	EndGlobalSection
EndGlobal
